
Microsoft Visual Studio Solution File, Format Version 12.00
# Visual Studio 15
VisualStudioVersion = 15.0.27004.2002
MinimumVisualStudioVersion = 10.0.40219.1
Project("{FAE04EC0-301F-11D3-BF4B-00C04F79EFBC}") = "Todo.Android", "Todo\Todo.Android\Todo.Android.csproj", "{E643A047-F634-463D-B151-447438F96E8F}"
EndProject
Project("{FAE04EC0-301F-11D3-BF4B-00C04F79EFBC}") = "Todo", "Todo\Todo\Todo.csproj", "{6BAE2C72-2CE8-4629-A9CE-3D02469C3F75}"
EndProject
Project("{FAE04EC0-301F-11D3-BF4B-00C04F79EFBC}") = "Todo.iOS", "Todo\Todo.iOS\Todo.iOS.csproj", "{34061405-D42F-44F1-8A42-A0F6DDFEA367}"
EndProject
Global
	GlobalSection(SolutionConfigurationPlatforms) = preSolution
		Ad-Hoc|Any CPU = Ad-Hoc|Any CPU
		Ad-Hoc|iPhone = Ad-Hoc|iPhone
		Ad-Hoc|iPhoneSimulator = Ad-Hoc|iPhoneSimulator
		AppStore|Any CPU = AppStore|Any CPU
		AppStore|iPhone = AppStore|iPhone
		AppStore|iPhoneSimulator = AppStore|iPhoneSimulator
		Debug|Any CPU = Debug|Any CPU
		Debug|iPhone = Debug|iPhone
		Debug|iPhoneSimulator = Debug|iPhoneSimulator
		Release|Any CPU = Release|Any CPU
		Release|iPhone = Release|iPhone
		Release|iPhoneSimulator = Release|iPhoneSimulator
	EndGlobalSection
	GlobalSection(ProjectConfigurationPlatforms) = postSolution
		{E643A047-F634-463D-B151-447438F96E8F}.Ad-Hoc|Any CPU.ActiveCfg = Release|Any CPU
		{E643A047-F634-463D-B151-447438F96E8F}.Ad-Hoc|Any CPU.Build.0 = Release|Any CPU
		{E643A047-F634-463D-B151-447438F96E8F}.Ad-Hoc|Any CPU.Deploy.0 = Release|Any CPU
		{E643A047-F634-463D-B151-447438F96E8F}.Ad-Hoc|iPhone.ActiveCfg = Release|Any CPU
		{E643A047-F634-463D-B151-447438F96E8F}.Ad-Hoc|iPhone.Build.0 = Release|Any CPU
		{E643A047-F634-463D-B151-447438F96E8F}.Ad-Hoc|iPhone.Deploy.0 = Release|Any CPU
		{E643A047-F634-463D-B151-447438F96E8F}.Ad-Hoc|iPhoneSimulator.ActiveCfg = Release|Any CPU
		{E643A047-F634-463D-B151-447438F96E8F}.Ad-Hoc|iPhoneSimulator.Build.0 = Release|Any CPU
		{E643A047-F634-463D-B151-447438F96E8F}.Ad-Hoc|iPhoneSimulator.Deploy.0 = Release|Any CPU
		{E643A047-F634-463D-B151-447438F96E8F}.AppStore|Any CPU.ActiveCfg = Release|Any CPU
		{E643A047-F634-463D-B151-447438F96E8F}.AppStore|Any CPU.Build.0 = Release|Any CPU
		{E643A047-F634-463D-B151-447438F96E8F}.AppStore|Any CPU.Deploy.0 = Release|Any CPU
		{E643A047-F634-463D-B151-447438F96E8F}.AppStore|iPhone.ActiveCfg = Release|Any CPU
		{E643A047-F634-463D-B151-447438F96E8F}.AppStore|iPhone.Build.0 = Release|Any CPU
		{E643A047-F634-463D-B151-447438F96E8F}.AppStore|iPhone.Deploy.0 = Release|Any CPU
		{E643A047-F634-463D-B151-447438F96E8F}.AppStore|iPhoneSimulator.ActiveCfg = Release|Any CPU
		{E643A047-F634-463D-B151-447438F96E8F}.AppStore|iPhoneSimulator.Build.0 = Release|Any CPU
		{E643A047-F634-463D-B151-447438F96E8F}.AppStore|iPhoneSimulator.Deploy.0 = Release|Any CPU
		{E643A047-F634-463D-B151-447438F96E8F}.Debug|Any CPU.ActiveCfg = Debug|Any CPU
		{E643A047-F634-463D-B151-447438F96E8F}.Debug|Any CPU.Build.0 = Debug|Any CPU
		{E643A047-F634-463D-B151-447438F96E8F}.Debug|Any CPU.Deploy.0 = Debug|Any CPU
		{E643A047-F634-463D-B151-447438F96E8F}.Debug|iPhone.ActiveCfg = Debug|Any CPU
		{E643A047-F634-463D-B151-447438F96E8F}.Debug|iPhone.Build.0 = Debug|Any CPU
		{E643A047-F634-463D-B151-447438F96E8F}.Debug|iPhone.Deploy.0 = Debug|Any CPU
		{E643A047-F634-463D-B151-447438F96E8F}.Debug|iPhoneSimulator.ActiveCfg = Debug|Any CPU
		{E643A047-F634-463D-B151-447438F96E8F}.Debug|iPhoneSimulator.Build.0 = Debug|Any CPU
		{E643A047-F634-463D-B151-447438F96E8F}.Debug|iPhoneSimulator.Deploy.0 = Debug|Any CPU
		{E643A047-F634-463D-B151-447438F96E8F}.Release|Any CPU.ActiveCfg = Release|Any CPU
		{E643A047-F634-463D-B151-447438F96E8F}.Release|Any CPU.Build.0 = Release|Any CPU
		{E643A047-F634-463D-B151-447438F96E8F}.Release|Any CPU.Deploy.0 = Release|Any CPU
		{E643A047-F634-463D-B151-447438F96E8F}.Release|iPhone.ActiveCfg = Release|Any CPU
		{E643A047-F634-463D-B151-447438F96E8F}.Release|iPhone.Build.0 = Release|Any CPU
		{E643A047-F634-463D-B151-447438F96E8F}.Release|iPhone.Deploy.0 = Release|Any CPU
		{E643A047-F634-463D-B151-447438F96E8F}.Release|iPhoneSimulator.ActiveCfg = Release|Any CPU
		{E643A047-F634-463D-B151-447438F96E8F}.Release|iPhoneSimulator.Build.0 = Release|Any CPU
		{E643A047-F634-463D-B151-447438F96E8F}.Release|iPhoneSimulator.Deploy.0 = Release|Any CPU
		{6BAE2C72-2CE8-4629-A9CE-3D02469C3F75}.Ad-Hoc|Any CPU.ActiveCfg = Release|Any CPU
		{6BAE2C72-2CE8-4629-A9CE-3D02469C3F75}.Ad-Hoc|Any CPU.Build.0 = Release|Any CPU
		{6BAE2C72-2CE8-4629-A9CE-3D02469C3F75}.Ad-Hoc|iPhone.ActiveCfg = Release|Any CPU
		{6BAE2C72-2CE8-4629-A9CE-3D02469C3F75}.Ad-Hoc|iPhone.Build.0 = Release|Any CPU
		{6BAE2C72-2CE8-4629-A9CE-3D02469C3F75}.Ad-Hoc|iPhoneSimulator.ActiveCfg = Release|Any CPU
		{6BAE2C72-2CE8-4629-A9CE-3D02469C3F75}.Ad-Hoc|iPhoneSimulator.Build.0 = Release|Any CPU
		{6BAE2C72-2CE8-4629-A9CE-3D02469C3F75}.AppStore|Any CPU.ActiveCfg = Release|Any CPU
		{6BAE2C72-2CE8-4629-A9CE-3D02469C3F75}.AppStore|Any CPU.Build.0 = Release|Any CPU
		{6BAE2C72-2CE8-4629-A9CE-3D02469C3F75}.AppStore|iPhone.ActiveCfg = Release|Any CPU
		{6BAE2C72-2CE8-4629-A9CE-3D02469C3F75}.AppStore|iPhone.Build.0 = Release|Any CPU
		{6BAE2C72-2CE8-4629-A9CE-3D02469C3F75}.AppStore|iPhoneSimulator.ActiveCfg = Release|Any CPU
		{6BAE2C72-2CE8-4629-A9CE-3D02469C3F75}.AppStore|iPhoneSimulator.Build.0 = Release|Any CPU
		{6BAE2C72-2CE8-4629-A9CE-3D02469C3F75}.Debug|Any CPU.ActiveCfg = Debug|Any CPU
		{6BAE2C72-2CE8-4629-A9CE-3D02469C3F75}.Debug|Any CPU.Build.0 = Debug|Any CPU
		{6BAE2C72-2CE8-4629-A9CE-3D02469C3F75}.Debug|iPhone.ActiveCfg = Debug|Any CPU
		{6BAE2C72-2CE8-4629-A9CE-3D02469C3F75}.Debug|iPhone.Build.0 = Debug|Any CPU
		{6BAE2C72-2CE8-4629-A9CE-3D02469C3F75}.Debug|iPhoneSimulator.ActiveCfg = Debug|Any CPU
		{6BAE2C72-2CE8-4629-A9CE-3D02469C3F75}.Debug|iPhoneSimulator.Build.0 = Debug|Any CPU
		{6BAE2C72-2CE8-4629-A9CE-3D02469C3F75}.Release|Any CPU.ActiveCfg = Release|Any CPU
		{6BAE2C72-2CE8-4629-A9CE-3D02469C3F75}.Release|Any CPU.Build.0 = Release|Any CPU
		{6BAE2C72-2CE8-4629-A9CE-3D02469C3F75}.Release|iPhone.ActiveCfg = Release|Any CPU
		{6BAE2C72-2CE8-4629-A9CE-3D02469C3F75}.Release|iPhone.Build.0 = Release|Any CPU
		{6BAE2C72-2CE8-4629-A9CE-3D02469C3F75}.Release|iPhoneSimulator.ActiveCfg = Release|Any CPU
		{6BAE2C72-2CE8-4629-A9CE-3D02469C3F75}.Release|iPhoneSimulator.Build.0 = Release|Any CPU
		{34061405-D42F-44F1-8A42-A0F6DDFEA367}.Ad-Hoc|Any CPU.ActiveCfg = Ad-Hoc|iPhoneSimulator
		{34061405-D42F-44F1-8A42-A0F6DDFEA367}.Ad-Hoc|iPhone.ActiveCfg = Ad-Hoc|iPhone
		{34061405-D42F-44F1-8A42-A0F6DDFEA367}.Ad-Hoc|iPhone.Build.0 = Ad-Hoc|iPhone
		{34061405-D42F-44F1-8A42-A0F6DDFEA367}.Ad-Hoc|iPhoneSimulator.ActiveCfg = Ad-Hoc|iPhoneSimulator
		{34061405-D42F-44F1-8A42-A0F6DDFEA367}.Ad-Hoc|iPhoneSimulator.Build.0 = Ad-Hoc|iPhoneSimulator
		{34061405-D42F-44F1-8A42-A0F6DDFEA367}.AppStore|Any CPU.ActiveCfg = AppStore|iPhoneSimulator
		{34061405-D42F-44F1-8A42-A0F6DDFEA367}.AppStore|iPhone.ActiveCfg = AppStore|iPhone
		{34061405-D42F-44F1-8A42-A0F6DDFEA367}.AppStore|iPhone.Build.0 = AppStore|iPhone
		{34061405-D42F-44F1-8A42-A0F6DDFEA367}.AppStore|iPhoneSimulator.ActiveCfg = AppStore|iPhoneSimulator
		{34061405-D42F-44F1-8A42-A0F6DDFEA367}.AppStore|iPhoneSimulator.Build.0 = AppStore|iPhoneSimulator
		{34061405-D42F-44F1-8A42-A0F6DDFEA367}.Debug|Any CPU.ActiveCfg = Debug|iPhoneSimulator
		{34061405-D42F-44F1-8A42-A0F6DDFEA367}.Debug|iPhone.ActiveCfg = Debug|iPhone
		{34061405-D42F-44F1-8A42-A0F6DDFEA367}.Debug|iPhone.Build.0 = Debug|iPhone
		{34061405-D42F-44F1-8A42-A0F6DDFEA367}.Debug|iPhoneSimulator.ActiveCfg = Debug|iPhoneSimulator
		{34061405-D42F-44F1-8A42-A0F6DDFEA367}.Debug|iPhoneSimulator.Build.0 = Debug|iPhoneSimulator
		{34061405-D42F-44F1-8A42-A0F6DDFEA367}.Release|Any CPU.ActiveCfg = Release|iPhoneSimulator
		{34061405-D42F-44F1-8A42-A0F6DDFEA367}.Release|iPhone.ActiveCfg = Release|iPhone
		{34061405-D42F-44F1-8A42-A0F6DDFEA367}.Release|iPhone.Build.0 = Release|iPhone
		{34061405-D42F-44F1-8A42-A0F6DDFEA367}.Release|iPhoneSimulator.ActiveCfg = Release|iPhoneSimulator
		{34061405-D42F-44F1-8A42-A0F6DDFEA367}.Release|iPhoneSimulator.Build.0 = Release|iPhoneSimulator
	EndGlobalSection
	GlobalSection(SolutionProperties) = preSolution
		HideSolutionNode = FALSE
	EndGlobalSection
	GlobalSection(ExtensibilityGlobals) = postSolution
		SolutionGuid = {BF992F79-BA63-4BE2-B4B6-FA38DC6C9117}
	EndGlobalSection
EndGlobal
